Microsoft Visual Studio Solution File, Format Version 12.00
# Visual Studio Version 17
VisualStudioVersion = 17.4.33403.182
MinimumVisualStudioVersion = 15.0.26124.0
Project("{9A19103F-16F7-4668-BE54-9A1E7A4F7556}") = "Handlebars", "Handlebars\Handlebars.csproj", "{9822C7B8-7E51-42BC-9A49-72A10491B202}"
EndProject
Project("{9A19103F-16F7-4668-BE54-9A1E7A4F7556}") = "Handlebars.Test", "Handlebars.Test\Handlebars.Test.csproj", "{6BA232A6-8C4D-4C7D-BD75-1844FE9774AF}"
EndProject
Project("{2150E333-8FDC-42A3-9474-1A3956D46DE8}") = "Solution Items", "Solution Items", "{E9AC0BCD-C060-4634-BBBB-636167C809B4}"
	ProjectSection(SolutionItems) = preProject
		Directory.Build.props = Directory.Build.props
		..\README.md = ..\README.md
	EndProjectSection
EndProject
Project("{9A19103F-16F7-4668-BE54-9A1E7A4F7556}") = "Handlebars.Benchmark", "Handlebars.Benchmark\Handlebars.Benchmark.csproj", "{417E2E51-2DD2-4045-84E5-BA66484E957B}"
EndProject
Global
	GlobalSection(SolutionConfigurationPlatforms) = preSolution
		Debug|Any CPU = Debug|Any CPU
		Release|Any CPU = Release|Any CPU
	EndGlobalSection
	GlobalSection(ProjectConfigurationPlatforms) = postSolution
		{9822C7B8-7E51-42BC-9A49-72A10491B202}.Debug|Any CPU.ActiveCfg = Debug|Any CPU
		{9822C7B8-7E51-42BC-9A49-72A10491B202}.Debug|Any CPU.Build.0 = Debug|Any CPU
		{9822C7B8-7E51-42BC-9A49-72A10491B202}.Release|Any CPU.ActiveCfg = Release|Any CPU
		{9822C7B8-7E51-42BC-9A49-72A10491B202}.Release|Any CPU.Build.0 = Release|Any CPU
		{6BA232A6-8C4D-4C7D-BD75-1844FE9774AF}.Debug|Any CPU.ActiveCfg = Debug|Any CPU
		{6BA232A6-8C4D-4C7D-BD75-1844FE9774AF}.Debug|Any CPU.Build.0 = Debug|Any CPU
		{6BA232A6-8C4D-4C7D-BD75-1844FE9774AF}.Release|Any CPU.ActiveCfg = Release|Any CPU
		{6BA232A6-8C4D-4C7D-BD75-1844FE9774AF}.Release|Any CPU.Build.0 = Release|Any CPU
		{417E2E51-2DD2-4045-84E5-BA66484E957B}.Debug|Any CPU.ActiveCfg = Debug|Any CPU
		{417E2E51-2DD2-4045-84E5-BA66484E957B}.Debug|Any CPU.Build.0 = Debug|Any CPU
		{417E2E51-2DD2-4045-84E5-BA66484E957B}.Release|Any CPU.ActiveCfg = Release|Any CPU
		{417E2E51-2DD2-4045-84E5-BA66484E957B}.Release|Any CPU.Build.0 = Release|Any CPU
	EndGlobalSection
	GlobalSection(SolutionProperties) = preSolution
		HideSolutionNode = FALSE
	EndGlobalSection
	GlobalSection(ExtensibilityGlobals) = postSolution
		SolutionGuid = {0260B1C7-30DF-49B6-A96E-9FD2F2AEFA1B}
	EndGlobalSection
	GlobalSection(MonoDevelopProperties) = preSolution
		Policies = $0
		$0.TextStylePolicy = $1
		$1.inheritsSet = VisualStudio
		$1.inheritsScope = text/plain
		$1.scope = text/x-csharp
		$0.CSharpFormattingPolicy = $2
		$2.IndentSwitchBody = True
		$2.IndentBlocksInsideExpressions = True
		$2.AnonymousMethodBraceStyle = NextLine
		$2.PropertyBraceStyle = NextLine
		$2.PropertyGetBraceStyle = NextLine
		$2.PropertySetBraceStyle = NextLine
		$2.EventBraceStyle = NextLine
		$2.EventAddBraceStyle = NextLine
		$2.EventRemoveBraceStyle = NextLine
		$2.StatementBraceStyle = NextLine
		$2.ElseNewLinePlacement = NewLine
		$2.CatchNewLinePlacement = NewLine
		$2.FinallyNewLinePlacement = NewLine
		$2.WhileNewLinePlacement = DoNotCare
		$2.ArrayInitializerWrapping = DoNotChange
		$2.ArrayInitializerBraceStyle = NextLine
		$2.BeforeMethodDeclarationParentheses = False
		$2.BeforeMethodCallParentheses = False
		$2.BeforeConstructorDeclarationParentheses = False
		$2.NewLineBeforeConstructorInitializerColon = NewLine
		$2.NewLineAfterConstructorInitializerColon = SameLine
		$2.BeforeDelegateDeclarationParentheses = False
		$2.NewParentheses = False
		$2.SpacesBeforeBrackets = False
		$2.inheritsSet = Mono
		$2.inheritsScope = text/x-csharp
		$2.scope = text/x-csharp
		$0.DotNetNamingPolicy = $3
		$3.DirectoryNamespaceAssociation = None
		$3.ResourceNamePolicy = FileFormatDefault
		version = 1.0.0
	EndGlobalSection
EndGlobal
