
Microsoft Visual Studio Solution File, Format Version 12.00
# Visual Studio 15
VisualStudioVersion = 15.0.26403.3
MinimumVisualStudioVersion = 15.0.26124.0
Project("{FAE04EC0-301F-11D3-BF4B-00C04F79EFBC}") = "Handlebars", "Handlebars\Handlebars.csproj", "{A09CFF95-B671-48FE-96A8-D3CBDC110B75}"
EndProject
Project("{FAE04EC0-301F-11D3-BF4B-00C04F79EFBC}") = "Handlebars.Test", "Handlebars.Test\Handlebars.Test.csproj", "{2BD48FB6-C852-4141-B734-12E501B1D761}"
EndProject
Project("{2150E333-8FDC-42A3-9474-1A3956D46DE8}") = "Solution Items", "Solution Items", "{E9AC0BCD-C060-4634-BBBB-636167C809B4}"
	ProjectSection(SolutionItems) = preProject
		..\README.md = ..\README.md
		Directory.Build.props = Directory.Build.props
	EndProjectSection
EndProject
Project("{FAE04EC0-301F-11D3-BF4B-00C04F79EFBC}") = "Handlebars.Benchmark", "Handlebars.Benchmark\Handlebars.Benchmark.csproj", "{E880C14C-96EE-4A1E-98BD-6348AB529090}"
EndProject
Project("{FAE04EC0-301F-11D3-BF4B-00C04F79EFBC}") = "Handlebars.Extension.CompileFast", "Handlebars.Extension.CompileFast\Handlebars.Extension.CompileFast.csproj", "{725422F0-556E-48B1-8E3A-F26881FFACE2}"
EndProject
Project("{FAE04EC0-301F-11D3-BF4B-00C04F79EFBC}") = "Handlebars.Extension.Logger", "Handlebars.Extension.Logger\Handlebars.Extension.Logger.csproj", "{68ACA1C9-CAA6-40A9-B7B4-B619663E5E04}"
EndProject
Global
	GlobalSection(SolutionConfigurationPlatforms) = preSolution
		Debug|Any CPU = Debug|Any CPU
		Release|Any CPU = Release|Any CPU
	EndGlobalSection
	GlobalSection(ProjectConfigurationPlatforms) = postSolution
		{A09CFF95-B671-48FE-96A8-D3CBDC110B75}.Debug|Any CPU.ActiveCfg = Debug|Any CPU
		{A09CFF95-B671-48FE-96A8-D3CBDC110B75}.Debug|Any CPU.Build.0 = Debug|Any CPU
		{A09CFF95-B671-48FE-96A8-D3CBDC110B75}.Release|Any CPU.ActiveCfg = Release|Any CPU
		{A09CFF95-B671-48FE-96A8-D3CBDC110B75}.Release|Any CPU.Build.0 = Release|Any CPU
		{2BD48FB6-C852-4141-B734-12E501B1D761}.Debug|Any CPU.ActiveCfg = Debug|Any CPU
		{2BD48FB6-C852-4141-B734-12E501B1D761}.Debug|Any CPU.Build.0 = Debug|Any CPU
		{2BD48FB6-C852-4141-B734-12E501B1D761}.Release|Any CPU.ActiveCfg = Release|Any CPU
		{2BD48FB6-C852-4141-B734-12E501B1D761}.Release|Any CPU.Build.0 = Release|Any CPU
		{E880C14C-96EE-4A1E-98BD-6348AB529090}.Debug|Any CPU.ActiveCfg = Debug|Any CPU
		{E880C14C-96EE-4A1E-98BD-6348AB529090}.Debug|Any CPU.Build.0 = Debug|Any CPU
		{E880C14C-96EE-4A1E-98BD-6348AB529090}.Release|Any CPU.ActiveCfg = Release|Any CPU
		{E880C14C-96EE-4A1E-98BD-6348AB529090}.Release|Any CPU.Build.0 = Release|Any CPU
		{725422F0-556E-48B1-8E3A-F26881FFACE2}.Debug|Any CPU.ActiveCfg = Debug|Any CPU
		{725422F0-556E-48B1-8E3A-F26881FFACE2}.Debug|Any CPU.Build.0 = Debug|Any CPU
		{725422F0-556E-48B1-8E3A-F26881FFACE2}.Release|Any CPU.ActiveCfg = Release|Any CPU
		{725422F0-556E-48B1-8E3A-F26881FFACE2}.Release|Any CPU.Build.0 = Release|Any CPU
		{68ACA1C9-CAA6-40A9-B7B4-B619663E5E04}.Debug|Any CPU.ActiveCfg = Debug|Any CPU
		{68ACA1C9-CAA6-40A9-B7B4-B619663E5E04}.Debug|Any CPU.Build.0 = Debug|Any CPU
		{68ACA1C9-CAA6-40A9-B7B4-B619663E5E04}.Release|Any CPU.ActiveCfg = Release|Any CPU
		{68ACA1C9-CAA6-40A9-B7B4-B619663E5E04}.Release|Any CPU.Build.0 = Release|Any CPU
	EndGlobalSection
	GlobalSection(SolutionProperties) = preSolution
		HideSolutionNode = FALSE
	EndGlobalSection
	GlobalSection(MonoDevelopProperties) = preSolution
		Policies = $0
		$0.TextStylePolicy = $1
		$1.inheritsSet = VisualStudio
		$1.inheritsScope = text/plain
		$1.scope = text/x-csharp
		$0.CSharpFormattingPolicy = $2
		$2.IndentSwitchBody = True
		$2.IndentBlocksInsideExpressions = True
		$2.AnonymousMethodBraceStyle = NextLine
		$2.PropertyBraceStyle = NextLine
		$2.PropertyGetBraceStyle = NextLine
		$2.PropertySetBraceStyle = NextLine
		$2.EventBraceStyle = NextLine
		$2.EventAddBraceStyle = NextLine
		$2.EventRemoveBraceStyle = NextLine
		$2.StatementBraceStyle = NextLine
		$2.ElseNewLinePlacement = NewLine
		$2.CatchNewLinePlacement = NewLine
		$2.FinallyNewLinePlacement = NewLine
		$2.WhileNewLinePlacement = DoNotCare
		$2.ArrayInitializerWrapping = DoNotChange
		$2.ArrayInitializerBraceStyle = NextLine
		$2.BeforeMethodDeclarationParentheses = False
		$2.BeforeMethodCallParentheses = False
		$2.BeforeConstructorDeclarationParentheses = False
		$2.NewLineBeforeConstructorInitializerColon = NewLine
		$2.NewLineAfterConstructorInitializerColon = SameLine
		$2.BeforeDelegateDeclarationParentheses = False
		$2.NewParentheses = False
		$2.SpacesBeforeBrackets = False
		$2.inheritsSet = Mono
		$2.inheritsScope = text/x-csharp
		$2.scope = text/x-csharp
		$0.DotNetNamingPolicy = $3
		$3.DirectoryNamespaceAssociation = None
		$3.ResourceNamePolicy = FileFormatDefault
		version = 1.0.0
	EndGlobalSection
EndGlobal
